
Microsoft Visual Studio Solution File, Format Version 12.00
# Visual Studio 15
Project("{FAE04EC0-301F-11D3-BF4B-00C04F79EFBC}") = "10.16123", "1016123\10.16123.csproj", "{D46B6EFB-1088-429F-9D28-12CB02DFF469}"
EndProject
Project("{FAE04EC0-301F-11D3-BF4B-00C04F79EFBC}") = "11.11210", "11.11210\11.11210.csproj", "{0FEDFA9E-1AF0-4593-80F8-FBB7532E003D}"
EndProject
Project("{FAE04EC0-301F-11D3-BF4B-00C04F79EFBC}") = "11.11220", "11.11220\11.11220.csproj", "{575A014F-9740-4BB5-905F-064C110C0EE7}"
EndProject
Project("{FAE04EC0-301F-11D3-BF4B-00C04F79EFBC}") = "11.11225", "11.11225\11.11225.csproj", "{B29FD0A3-B84D-45FA-BAA1-3AAC80B35E35}"
EndProject
Project("{FAE04EC0-301F-11D3-BF4B-00C04F79EFBC}") = "Test", "Test\Test.csproj", "{17E9AC3A-C3E7-4A39-906D-665818FCE224}"
EndProject
Project("{FAE04EC0-301F-11D3-BF4B-00C04F79EFBC}") = "11.11250", "11.11250\11.11250.csproj", "{A8A06458-887B-4DB1-9AF1-7E4FE8A48D58}"
EndProject
Project("{FAE04EC0-301F-11D3-BF4B-00C04F79EFBC}") = "11.13121", "11.13121\11.13121.csproj", "{E69B48A0-6B12-406B-ABE0-0E6068FE2DE8}"
EndProject
Project("{FAE04EC0-301F-11D3-BF4B-00C04F79EFBC}") = "11.13140", "11.13140\11.13140.csproj", "{9BB9414C-80D5-4190-907B-0FE9A8BA49F3}"
EndProject
Project("{FAE04EC0-301F-11D3-BF4B-00C04F79EFBC}") = "11.13150", "11.13150\11.13150.csproj", "{13B31F2E-8206-49BA-9EC5-8306FD287BBC}"
EndProject
Project("{FAE04EC0-301F-11D3-BF4B-00C04F79EFBC}") = "11.13147", "11.13147\11.13147.csproj", "{6C727782-81A6-4338-BD59-28CA33A86746}"
EndProject
Project("{FAE04EC0-301F-11D3-BF4B-00C04F79EFBC}") = "11.11360", "11.11360\11.11360.csproj", "{C293BFD8-1272-4882-BC32-2A35811E2556}"
EndProject
Project("{FAE04EC0-301F-11D3-BF4B-00C04F79EFBC}") = "11.13390", "11.13390\11.13390.csproj", "{455D0915-5688-4131-BFD4-1216FE20CF89}"
EndProject
Project("{FAE04EC0-301F-11D3-BF4B-00C04F79EFBC}") = "11.13530", "11.13530\11.13530.csproj", "{60BB8496-AA7B-4A09-896E-C48F46199918}"
EndProject
Project("{FAE04EC0-301F-11D3-BF4B-00C04F79EFBC}") = "11.13540", "11.13540\11.13540.csproj", "{D524C46C-5A3A-44AB-9A6C-3AA6DC524495}"
EndProject
Project("{FAE04EC0-301F-11D3-BF4B-00C04F79EFBC}") = "4130", "4130\4130.csproj", "{712E49C1-3A7D-426F-9877-5155E591ADF0}"
EndProject
Project("{FAE04EC0-301F-11D3-BF4B-00C04F79EFBC}") = "11.14210", "11.14210\11.14210.csproj", "{A31DF996-72FE-4940-9D47-3B987AB06E9E}"
EndProject
Project("{FAE04EC0-301F-11D3-BF4B-00C04F79EFBC}") = "11.14215", "11.14215\11.14215.csproj", "{A1D730A9-B25A-4F29-BAF6-B6135E47D09C}"
EndProject
Project("{FAE04EC0-301F-11D3-BF4B-00C04F79EFBC}") = "11.14220", "11.14220\11.14220.csproj", "{A5C8AE55-A941-4912-8BAC-37D38E1CA6C4}"
EndProject
Project("{FAE04EC0-301F-11D3-BF4B-00C04F79EFBC}") = "11.11320", "11.11320\11.11320.csproj", "{F4607EE1-C062-46B9-A976-99B471C1DFA8}"
EndProject
Project("{FAE04EC0-301F-11D3-BF4B-00C04F79EFBC}") = "11.13550", "11.13550\11.13550.csproj", "{D7C05366-AFDC-4010-AA3B-30C12BC90336}"
EndProject
Global
	GlobalSection(SolutionConfigurationPlatforms) = preSolution
		Debug|anycpu = Debug|anycpu
		Release|anycpu = Release|anycpu
	EndGlobalSection
	GlobalSection(ProjectConfigurationPlatforms) = postSolution
		{D46B6EFB-1088-429F-9D28-12CB02DFF469}.Debug|anycpu.ActiveCfg = Debug|anycpu
		{D46B6EFB-1088-429F-9D28-12CB02DFF469}.Debug|anycpu.Build.0 = Debug|anycpu
		{D46B6EFB-1088-429F-9D28-12CB02DFF469}.Release|anycpu.ActiveCfg = Release|anycpu
		{D46B6EFB-1088-429F-9D28-12CB02DFF469}.Release|anycpu.Build.0 = Release|anycpu
		{0FEDFA9E-1AF0-4593-80F8-FBB7532E003D}.Debug|anycpu.ActiveCfg = Debug|anycpu
		{0FEDFA9E-1AF0-4593-80F8-FBB7532E003D}.Debug|anycpu.Build.0 = Debug|anycpu
		{0FEDFA9E-1AF0-4593-80F8-FBB7532E003D}.Release|anycpu.ActiveCfg = Release|anycpu
		{0FEDFA9E-1AF0-4593-80F8-FBB7532E003D}.Release|anycpu.Build.0 = Release|anycpu
		{575A014F-9740-4BB5-905F-064C110C0EE7}.Debug|anycpu.ActiveCfg = Debug|anycpu
		{575A014F-9740-4BB5-905F-064C110C0EE7}.Debug|anycpu.Build.0 = Debug|anycpu
		{575A014F-9740-4BB5-905F-064C110C0EE7}.Release|anycpu.ActiveCfg = Release|anycpu
		{575A014F-9740-4BB5-905F-064C110C0EE7}.Release|anycpu.Build.0 = Release|anycpu
		{B29FD0A3-B84D-45FA-BAA1-3AAC80B35E35}.Debug|anycpu.ActiveCfg = Debug|anycpu
		{B29FD0A3-B84D-45FA-BAA1-3AAC80B35E35}.Debug|anycpu.Build.0 = Debug|anycpu
		{B29FD0A3-B84D-45FA-BAA1-3AAC80B35E35}.Release|anycpu.ActiveCfg = Release|anycpu
		{B29FD0A3-B84D-45FA-BAA1-3AAC80B35E35}.Release|anycpu.Build.0 = Release|anycpu
		{17E9AC3A-C3E7-4A39-906D-665818FCE224}.Debug|anycpu.ActiveCfg = Debug|anycpu
		{17E9AC3A-C3E7-4A39-906D-665818FCE224}.Debug|anycpu.Build.0 = Debug|anycpu
		{17E9AC3A-C3E7-4A39-906D-665818FCE224}.Release|anycpu.ActiveCfg = Release|anycpu
		{17E9AC3A-C3E7-4A39-906D-665818FCE224}.Release|anycpu.Build.0 = Release|anycpu
		{A8A06458-887B-4DB1-9AF1-7E4FE8A48D58}.Debug|anycpu.ActiveCfg = Debug|anycpu
		{A8A06458-887B-4DB1-9AF1-7E4FE8A48D58}.Debug|anycpu.Build.0 = Debug|anycpu
		{A8A06458-887B-4DB1-9AF1-7E4FE8A48D58}.Release|anycpu.ActiveCfg = Release|anycpu
		{A8A06458-887B-4DB1-9AF1-7E4FE8A48D58}.Release|anycpu.Build.0 = Release|anycpu
		{E69B48A0-6B12-406B-ABE0-0E6068FE2DE8}.Debug|anycpu.ActiveCfg = Debug|anycpu
		{E69B48A0-6B12-406B-ABE0-0E6068FE2DE8}.Debug|anycpu.Build.0 = Debug|anycpu
		{E69B48A0-6B12-406B-ABE0-0E6068FE2DE8}.Release|anycpu.ActiveCfg = Release|anycpu
		{E69B48A0-6B12-406B-ABE0-0E6068FE2DE8}.Release|anycpu.Build.0 = Release|anycpu
		{9BB9414C-80D5-4190-907B-0FE9A8BA49F3}.Debug|anycpu.ActiveCfg = Debug|anycpu
		{9BB9414C-80D5-4190-907B-0FE9A8BA49F3}.Debug|anycpu.Build.0 = Debug|anycpu
		{9BB9414C-80D5-4190-907B-0FE9A8BA49F3}.Release|anycpu.ActiveCfg = Release|anycpu
		{9BB9414C-80D5-4190-907B-0FE9A8BA49F3}.Release|anycpu.Build.0 = Release|anycpu
		{13B31F2E-8206-49BA-9EC5-8306FD287BBC}.Debug|anycpu.ActiveCfg = Debug|anycpu
		{13B31F2E-8206-49BA-9EC5-8306FD287BBC}.Debug|anycpu.Build.0 = Debug|anycpu
		{13B31F2E-8206-49BA-9EC5-8306FD287BBC}.Release|anycpu.ActiveCfg = Release|anycpu
		{13B31F2E-8206-49BA-9EC5-8306FD287BBC}.Release|anycpu.Build.0 = Release|anycpu
		{6C727782-81A6-4338-BD59-28CA33A86746}.Debug|anycpu.ActiveCfg = Debug|anycpu
		{6C727782-81A6-4338-BD59-28CA33A86746}.Debug|anycpu.Build.0 = Debug|anycpu
		{6C727782-81A6-4338-BD59-28CA33A86746}.Release|anycpu.ActiveCfg = Release|anycpu
		{6C727782-81A6-4338-BD59-28CA33A86746}.Release|anycpu.Build.0 = Release|anycpu
		{C293BFD8-1272-4882-BC32-2A35811E2556}.Debug|anycpu.ActiveCfg = Debug|anycpu
		{C293BFD8-1272-4882-BC32-2A35811E2556}.Debug|anycpu.Build.0 = Debug|anycpu
		{C293BFD8-1272-4882-BC32-2A35811E2556}.Release|anycpu.ActiveCfg = Release|anycpu
		{C293BFD8-1272-4882-BC32-2A35811E2556}.Release|anycpu.Build.0 = Release|anycpu
		{455D0915-5688-4131-BFD4-1216FE20CF89}.Debug|anycpu.ActiveCfg = Debug|anycpu
		{455D0915-5688-4131-BFD4-1216FE20CF89}.Debug|anycpu.Build.0 = Debug|anycpu
		{455D0915-5688-4131-BFD4-1216FE20CF89}.Release|anycpu.ActiveCfg = Release|anycpu
		{455D0915-5688-4131-BFD4-1216FE20CF89}.Release|anycpu.Build.0 = Release|anycpu
		{60BB8496-AA7B-4A09-896E-C48F46199918}.Debug|anycpu.ActiveCfg = Debug|anycpu
		{60BB8496-AA7B-4A09-896E-C48F46199918}.Debug|anycpu.Build.0 = Debug|anycpu
		{60BB8496-AA7B-4A09-896E-C48F46199918}.Release|anycpu.ActiveCfg = Release|anycpu
		{60BB8496-AA7B-4A09-896E-C48F46199918}.Release|anycpu.Build.0 = Release|anycpu
		{D524C46C-5A3A-44AB-9A6C-3AA6DC524495}.Debug|anycpu.ActiveCfg = Debug|anycpu
		{D524C46C-5A3A-44AB-9A6C-3AA6DC524495}.Debug|anycpu.Build.0 = Debug|anycpu
		{D524C46C-5A3A-44AB-9A6C-3AA6DC524495}.Release|anycpu.ActiveCfg = Release|anycpu
		{D524C46C-5A3A-44AB-9A6C-3AA6DC524495}.Release|anycpu.Build.0 = Release|anycpu
		{712E49C1-3A7D-426F-9877-5155E591ADF0}.Debug|anycpu.ActiveCfg = Debug|anycpu
		{712E49C1-3A7D-426F-9877-5155E591ADF0}.Debug|anycpu.Build.0 = Debug|anycpu
		{712E49C1-3A7D-426F-9877-5155E591ADF0}.Release|anycpu.ActiveCfg = Release|anycpu
		{712E49C1-3A7D-426F-9877-5155E591ADF0}.Release|anycpu.Build.0 = Release|anycpu
		{A31DF996-72FE-4940-9D47-3B987AB06E9E}.Debug|anycpu.ActiveCfg = Debug|anycpu
		{A31DF996-72FE-4940-9D47-3B987AB06E9E}.Debug|anycpu.Build.0 = Debug|anycpu
		{A31DF996-72FE-4940-9D47-3B987AB06E9E}.Release|anycpu.ActiveCfg = Release|anycpu
		{A31DF996-72FE-4940-9D47-3B987AB06E9E}.Release|anycpu.Build.0 = Release|anycpu
		{A1D730A9-B25A-4F29-BAF6-B6135E47D09C}.Debug|anycpu.ActiveCfg = Debug|anycpu
		{A1D730A9-B25A-4F29-BAF6-B6135E47D09C}.Debug|anycpu.Build.0 = Debug|anycpu
		{A1D730A9-B25A-4F29-BAF6-B6135E47D09C}.Release|anycpu.ActiveCfg = Release|anycpu
		{A1D730A9-B25A-4F29-BAF6-B6135E47D09C}.Release|anycpu.Build.0 = Release|anycpu
		{A5C8AE55-A941-4912-8BAC-37D38E1CA6C4}.Debug|anycpu.ActiveCfg = Debug|anycpu
		{A5C8AE55-A941-4912-8BAC-37D38E1CA6C4}.Debug|anycpu.Build.0 = Debug|anycpu
		{A5C8AE55-A941-4912-8BAC-37D38E1CA6C4}.Release|anycpu.ActiveCfg = Release|anycpu
		{A5C8AE55-A941-4912-8BAC-37D38E1CA6C4}.Release|anycpu.Build.0 = Release|anycpu
		{F4607EE1-C062-46B9-A976-99B471C1DFA8}.Debug|anycpu.ActiveCfg = Debug|anycpu
		{F4607EE1-C062-46B9-A976-99B471C1DFA8}.Debug|anycpu.Build.0 = Debug|anycpu
		{F4607EE1-C062-46B9-A976-99B471C1DFA8}.Release|anycpu.ActiveCfg = Release|anycpu
		{F4607EE1-C062-46B9-A976-99B471C1DFA8}.Release|anycpu.Build.0 = Release|anycpu
		{D7C05366-AFDC-4010-AA3B-30C12BC90336}.Debug|anycpu.ActiveCfg = Debug|anycpu
		{D7C05366-AFDC-4010-AA3B-30C12BC90336}.Debug|anycpu.Build.0 = Debug|anycpu
		{D7C05366-AFDC-4010-AA3B-30C12BC90336}.Release|anycpu.ActiveCfg = Release|anycpu
		{D7C05366-AFDC-4010-AA3B-30C12BC90336}.Release|anycpu.Build.0 = Release|anycpu
	EndGlobalSection
EndGlobal
