
Microsoft Visual Studio Solution File, Format Version 12.00
# Visual Studio 15
Project("{FAE04EC0-301F-11D3-BF4B-00C04F79EFBC}") = "10.16123", "1016123\10.16123.csproj", "{D46B6EFB-1088-429F-9D28-12CB02DFF469}"
EndProject
Project("{FAE04EC0-301F-11D3-BF4B-00C04F79EFBC}") = "11.11210", "11.11210\11.11210.csproj", "{0FEDFA9E-1AF0-4593-80F8-FBB7532E003D}"
EndProject
Project("{FAE04EC0-301F-11D3-BF4B-00C04F79EFBC}") = "11.11220", "11.11220\11.11220.csproj", "{575A014F-9740-4BB5-905F-064C110C0EE7}"
EndProject
Project("{FAE04EC0-301F-11D3-BF4B-00C04F79EFBC}") = "11.11225", "11.11225\11.11225.csproj", "{B29FD0A3-B84D-45FA-BAA1-3AAC80B35E35}"
EndProject
Project("{FAE04EC0-301F-11D3-BF4B-00C04F79EFBC}") = "Test", "Test\Test.csproj", "{17E9AC3A-C3E7-4A39-906D-665818FCE224}"
EndProject
Project("{FAE04EC0-301F-11D3-BF4B-00C04F79EFBC}") = "11.11250", "11.11250\11.11250.csproj", "{A8A06458-887B-4DB1-9AF1-7E4FE8A48D58}"
EndProject
Project("{FAE04EC0-301F-11D3-BF4B-00C04F79EFBC}") = "11.13121", "11.13121\11.13121.csproj", "{E69B48A0-6B12-406B-ABE0-0E6068FE2DE8}"
EndProject
Project("{FAE04EC0-301F-11D3-BF4B-00C04F79EFBC}") = "11.13140", "11.13140\11.13140.csproj", "{9BB9414C-80D5-4190-907B-0FE9A8BA49F3}"
EndProject
Global
	GlobalSection(SolutionConfigurationPlatforms) = preSolution
		Debug|anycpu = Debug|anycpu
		Release|anycpu = Release|anycpu
	EndGlobalSection
	GlobalSection(ProjectConfigurationPlatforms) = postSolution
		{D46B6EFB-1088-429F-9D28-12CB02DFF469}.Debug|anycpu.ActiveCfg = Debug|anycpu
		{D46B6EFB-1088-429F-9D28-12CB02DFF469}.Debug|anycpu.Build.0 = Debug|anycpu
		{D46B6EFB-1088-429F-9D28-12CB02DFF469}.Release|anycpu.ActiveCfg = Release|anycpu
		{D46B6EFB-1088-429F-9D28-12CB02DFF469}.Release|anycpu.Build.0 = Release|anycpu
		{0FEDFA9E-1AF0-4593-80F8-FBB7532E003D}.Debug|anycpu.ActiveCfg = Debug|anycpu
		{0FEDFA9E-1AF0-4593-80F8-FBB7532E003D}.Debug|anycpu.Build.0 = Debug|anycpu
		{0FEDFA9E-1AF0-4593-80F8-FBB7532E003D}.Release|anycpu.ActiveCfg = Release|anycpu
		{0FEDFA9E-1AF0-4593-80F8-FBB7532E003D}.Release|anycpu.Build.0 = Release|anycpu
		{575A014F-9740-4BB5-905F-064C110C0EE7}.Debug|anycpu.ActiveCfg = Debug|anycpu
		{575A014F-9740-4BB5-905F-064C110C0EE7}.Debug|anycpu.Build.0 = Debug|anycpu
		{575A014F-9740-4BB5-905F-064C110C0EE7}.Release|anycpu.ActiveCfg = Release|anycpu
		{575A014F-9740-4BB5-905F-064C110C0EE7}.Release|anycpu.Build.0 = Release|anycpu
		{B29FD0A3-B84D-45FA-BAA1-3AAC80B35E35}.Debug|anycpu.ActiveCfg = Debug|anycpu
		{B29FD0A3-B84D-45FA-BAA1-3AAC80B35E35}.Debug|anycpu.Build.0 = Debug|anycpu
		{B29FD0A3-B84D-45FA-BAA1-3AAC80B35E35}.Release|anycpu.ActiveCfg = Release|anycpu
		{B29FD0A3-B84D-45FA-BAA1-3AAC80B35E35}.Release|anycpu.Build.0 = Release|anycpu
		{17E9AC3A-C3E7-4A39-906D-665818FCE224}.Debug|anycpu.ActiveCfg = Debug|anycpu
		{17E9AC3A-C3E7-4A39-906D-665818FCE224}.Debug|anycpu.Build.0 = Debug|anycpu
		{17E9AC3A-C3E7-4A39-906D-665818FCE224}.Release|anycpu.ActiveCfg = Release|anycpu
		{17E9AC3A-C3E7-4A39-906D-665818FCE224}.Release|anycpu.Build.0 = Release|anycpu
		{A8A06458-887B-4DB1-9AF1-7E4FE8A48D58}.Debug|anycpu.ActiveCfg = Debug|anycpu
		{A8A06458-887B-4DB1-9AF1-7E4FE8A48D58}.Debug|anycpu.Build.0 = Debug|anycpu
		{A8A06458-887B-4DB1-9AF1-7E4FE8A48D58}.Release|anycpu.ActiveCfg = Release|anycpu
		{A8A06458-887B-4DB1-9AF1-7E4FE8A48D58}.Release|anycpu.Build.0 = Release|anycpu
		{E69B48A0-6B12-406B-ABE0-0E6068FE2DE8}.Debug|anycpu.ActiveCfg = Debug|anycpu
		{E69B48A0-6B12-406B-ABE0-0E6068FE2DE8}.Debug|anycpu.Build.0 = Debug|anycpu
		{E69B48A0-6B12-406B-ABE0-0E6068FE2DE8}.Release|anycpu.ActiveCfg = Release|anycpu
		{E69B48A0-6B12-406B-ABE0-0E6068FE2DE8}.Release|anycpu.Build.0 = Release|anycpu
		{9BB9414C-80D5-4190-907B-0FE9A8BA49F3}.Debug|anycpu.ActiveCfg = Debug|anycpu
		{9BB9414C-80D5-4190-907B-0FE9A8BA49F3}.Debug|anycpu.Build.0 = Debug|anycpu
		{9BB9414C-80D5-4190-907B-0FE9A8BA49F3}.Release|anycpu.ActiveCfg = Release|anycpu
		{9BB9414C-80D5-4190-907B-0FE9A8BA49F3}.Release|anycpu.Build.0 = Release|anycpu
	EndGlobalSection
EndGlobal
